// !$*UTF8*$!
{
	archiveVersion = 1;
	classes = {
	};
	objectVersion = 77;
	objects = {

/* Begin PBXBuildFile section */
		88FEFEDA2FEA3EED009ACE07 /* AWSAPIPlugin in Frameworks */ = {isa = PBXBuildFile; productRef = 88FEFED92FEA3EED009ACE07 /* AWSAPIPlugin */; };
		88FEFEDC2FEA3EED009ACE07 /* AWSCognitoAuthPlugin in Frameworks */ = {isa = PBXBuildFile; productRef = 88FEFEDB2FEA3EED009ACE07 /* AWSCognitoAuthPlugin */; };
		88FEFEDE2FEA3EED009ACE07 /* Amplify in Frameworks */ = {isa = PBXBuildFile; productRef = 88FEFEDD2FEA3EED009ACE07 /* Amplify */; };
/* End PBXBuildFile section */

/* Begin PBXContainerItemProxy section */
		88FEFE9E2FEA3C2E009ACE07 /* PBXContainerItemProxy */ = {
			isa = PBXContainerItemProxy;
			containerPortal = 88FEFE862FEA3C2D009ACE07 /* Project object */;
			proxyType = 1;
			remoteGlobalIDString = 88FEFE8D2FEA3C2D009ACE07;
			remoteInfo = RestaurantCompass;
		};
		88FEFEA82FEA3C2E009ACE07 /* PBXContainerItemProxy */ = {
			isa = PBXContainerItemProxy;
			containerPortal = 88FEFE862FEA3C2D009ACE07 /* Project object */;
			proxyType = 1;
			remoteGlobalIDString = 88FEFE8D2FEA3C2D009ACE07;
			remoteInfo = RestaurantCompass;
		};
/* End PBXContainerItemProxy section */

/* Begin PBXFileReference section */
		88FEFE8E2FEA3C2D009ACE07 /* RestaurantCompass.app */ = {isa = PBXFileReference; explicitFileType = wrapper.application; includeInIndex = 0; path = RestaurantCompass.app; sourceTree = BUILT_PRODUCTS_DIR; };
		88FEFE9D2FEA3C2E009ACE07 /* RestaurantCompassTests.xctest */ = {isa = PBXFileReference; explicitFileType = wrapper.cfbundle; includeInIndex = 0; path = RestaurantCompassTests.xctest; sourceTree = BUILT_PRODUCTS_DIR; };
		88FEFEA72FEA3C2E009ACE07 /* RestaurantCompassUITests.xctest */ = {isa = PBXFileReference; explicitFileType = wrapper.cfbundle; includeInIndex = 0; path = RestaurantCompassUITests.xctest; sourceTree = BUILT_PRODUCTS_DIR; };
/* End PBXFileReference section */

/* Begin PBXFileSystemSynchronizedRootGroup section */
		88FEFE902FEA3C2D009ACE07 /* RestaurantCompass */ = {
			isa = PBXFileSystemSynchronizedRootGroup;
			path = RestaurantCompass;
			sourceTree = "<group>";
		};
		88FEFEA02FEA3C2E009ACE07 /* RestaurantCompassTests */ = {
			isa = PBXFileSystemSynchronizedRootGroup;
			path = RestaurantCompassTests;
			sourceTree = "<group>";
		};
		88FEFEAA2FEA3C2E009ACE07 /* RestaurantCompassUITests */ = {
			isa = PBXFileSystemSynchronizedRootGroup;
			path = RestaurantCompassUITests;
			sourceTree = "<group>";
		};
/* End PBXFileSystemSynchronizedRootGroup section */

/* Begin PBXFrameworksBuildPhase section */
		88FEFE8B2FEA3C2D009ACE07 /* Frameworks */ = {
			isa = PBXFrameworksBuildPhase;
			buildActionMask = 2147483647;
			files = (
				88FEFEDE2FEA3EED009ACE07 /* Amplify in Frameworks */,
				88FEFEDA2FEA3EED009ACE07 /* AWSAPIPlugin in Frameworks */,
				88FEFEDC2FEA3EED009ACE07 /* AWSCognitoAuthPlugin in Frameworks */,
			);
			runOnlyForDeploymentPostprocessing = 0;
		};
		88FEFE9A2FEA3C2E009ACE07 /* Frameworks */ = {
			isa = PBXFrameworksBuildPhase;
			buildActionMask = 2147483647;
			files = (
			);
			runOnlyForDeploymentPostprocessing = 0;
		};
		88FEFEA42FEA3C2E009ACE07 /* Frameworks */ = {
			isa = PBXFrameworksBuildPhase;
			buildActionMask = 2147483647;
			files = (
			);
			runOnlyForDeploymentPostprocessing = 0;
		};
/* End PBXFrameworksBuildPhase section */

/* Begin PBXGroup section */
		88FEFE852FEA3C2D009ACE07 = {
			isa = PBXGroup;
			children = (
				88FEFE902FEA3C2D009ACE07 /* RestaurantCompass */,
				88FEFEA02FEA3C2E009ACE07 /* RestaurantCompassTests */,
				88FEFEAA2FEA3C2E009ACE07 /* RestaurantCompassUITests */,
				88FEFE8F2FEA3C2D009ACE07 /* Products */,
			);
			sourceTree = "<group>";
		};
		88FEFE8F2FEA3C2D009ACE07 /* Products */ = {
			isa = PBXGroup;
			children = (
				88FEFE8E2FEA3C2D009ACE07 /* RestaurantCompass.app */,
				88FEFE9D2FEA3C2E009ACE07 /* RestaurantCompassTests.xctest */,
				88FEFEA72FEA3C2E009ACE07 /* RestaurantCompassUITests.xctest */,
			);
			name = Products;
			sourceTree = "<group>";
		};
/* End PBXGroup section */

/* Begin PBXNativeTarget section */
		88FEFE8D2FEA3C2D009ACE07 /* RestaurantCompass */ = {
			isa = PBXNativeTarget;
			buildConfigurationList = 88FEFEB12FEA3C2E009ACE07 /* Build configuration list for PBXNativeTarget "RestaurantCompass" */;
			buildPhases = (
				88FEFE8A2FEA3C2D009ACE07 /* Sources */,
				88FEFE8B2FEA3C2D009ACE07 /* Frameworks */,
				88FEFE8C2FEA3C2D009ACE07 /* Resources */,
			);
			buildRules = (
			);
			dependencies = (
			);
			fileSystemSynchronizedGroups = (
				88FEFE902FEA3C2D009ACE07 /* RestaurantCompass */,
			);
			name = RestaurantCompass;
			packageProductDependencies = (
				88FEFED92FEA3EED009ACE07 /* AWSAPIPlugin */,
				88FEFEDB2FEA3EED009ACE07 /* AWSCognitoAuthPlugin */,
				88FEFEDD2FEA3EED009ACE07 /* Amplify */,
			);
			productName = RestaurantCompass;
			productReference = 88FEFE8E2FEA3C2D009ACE07 /* RestaurantCompass.app */;
			productType = "com.apple.product-type.application";
		};
		88FEFE9C2FEA3C2E009ACE07 /* RestaurantCompassTests */ = {
			isa = PBXNativeTarget;
			buildConfigurationList = 88FEFEB42FEA3C2E009ACE07 /* Build configuration list for PBXNativeTarget "RestaurantCompassTests" */;
			buildPhases = (
				88FEFE992FEA3C2E009ACE07 /* Sources */,
				88FEFE9A2FEA3C2E009ACE07 /* Frameworks */,
				88FEFE9B2FEA3C2E009ACE07 /* Resources */,
			);
			buildRules = (
			);
			dependencies = (
				88FEFE9F2FEA3C2E009ACE07 /* PBXTargetDependency */,
			);
			fileSystemSynchronizedGroups = (
				88FEFEA02FEA3C2E009ACE07 /* RestaurantCompassTests */,
			);
			name = RestaurantCompassTests;
			packageProductDependencies = (
			);
			productName = RestaurantCompassTests;
			productReference = 88FEFE9D2FEA3C2E009ACE07 /* RestaurantCompassTests.xctest */;
			productType = "com.apple.product-type.bundle.unit-test";
		};
		88FEFEA62FEA3C2E009ACE07 /* RestaurantCompassUITests */ = {
			isa = PBXNativeTarget;
			buildConfigurationList = 88FEFEB72FEA3C2E009ACE07 /* Build configuration list for PBXNativeTarget "RestaurantCompassUITests" */;
			buildPhases = (
				88FEFEA32FEA3C2E009ACE07 /* Sources */,
				88FEFEA42FEA3C2E009ACE07 /* Frameworks */,
				88FEFEA52FEA3C2E009ACE07 /* Resources */,
			);
			buildRules = (
			);
			dependencies = (
				88FEFEA92FEA3C2E009ACE07 /* PBXTargetDependency */,
			);
			fileSystemSynchronizedGroups = (
				88FEFEAA2FEA3C2E009ACE07 /* RestaurantCompassUITests */,
			);
			name = RestaurantCompassUITests;
			packageProductDependencies = (
			);
			productName = RestaurantCompassUITests;
			productReference = 88FEFEA72FEA3C2E009ACE07 /* RestaurantCompassUITests.xctest */;
			productType = "com.apple.product-type.bundle.ui-testing";
		};
/* End PBXNativeTarget section */

/* Begin PBXProject section */
		88FEFE862FEA3C2D009ACE07 /* Project object */ = {
			isa = PBXProject;
			attributes = {
				BuildIndependentTargetsInParallel = 1;
				LastSwiftUpdateCheck = 2610;
				LastUpgradeCheck = 2610;
				TargetAttributes = {
					88FEFE8D2FEA3C2D009ACE07 = {
						CreatedOnToolsVersion = 26.1.1;
					};
					88FEFE9C2FEA3C2E009ACE07 = {
						CreatedOnToolsVersion = 26.1.1;
						TestTargetID = 88FEFE8D2FEA3C2D009ACE07;
					};
					88FEFEA62FEA3C2E009ACE07 = {
						CreatedOnToolsVersion = 26.1.1;
						TestTargetID = 88FEFE8D2FEA3C2D009ACE07;
					};
				};
			};
			buildConfigurationList = 88FEFE892FEA3C2D009ACE07 /* Build configuration list for PBXProject "RestaurantCompass" */;
			developmentRegion = en;
			hasScannedForEncodings = 0;
			knownRegions = (
				en,
				Base,
			);
			mainGroup = 88FEFE852FEA3C2D009ACE07;
			minimizedProjectReferenceProxies = 1;
			packageReferences = (
				88FEFED82FEA3EED009ACE07 /* XCRemoteSwiftPackageReference "amplify-swift" */,
			);
			preferredProjectObjectVersion = 77;
			productRefGroup = 88FEFE8F2FEA3C2D009ACE07 /* Products */;
			projectDirPath = "";
			projectRoot = "";
			targets = (
				88FEFE8D2FEA3C2D009ACE07 /* RestaurantCompass */,
				88FEFE9C2FEA3C2E009ACE07 /* RestaurantCompassTests */,
				88FEFEA62FEA3C2E009ACE07 /* RestaurantCompassUITests */,
			);
		};
/* End PBXProject section */

/* Begin PBXResourcesBuildPhase section */
		88FEFE8C2FEA3C2D009ACE07 /* Resources */ = {
			isa = PBXResourcesBuildPhase;
			buildActionMask = 2147483647;
			files = (
			);
			runOnlyForDeploymentPostprocessing = 0;
		};
		88FEFE9B2FEA3C2E009ACE07 /* Resources */ = {
			isa = PBXResourcesBuildPhase;
			buildActionMask = 2147483647;
			files = (
			);
			runOnlyForDeploymentPostprocessing = 0;
		};
		88FEFEA52FEA3C2E009ACE07 /* Resources */ = {
			isa = PBXResourcesBuildPhase;
			buildActionMask = 2147483647;
			files = (
			);
			runOnlyForDeploymentPostprocessing = 0;
		};
/* End PBXResourcesBuildPhase section */

/* Begin PBXSourcesBuildPhase section */
		88FEFE8A2FEA3C2D009ACE07 /* Sources */ = {
			isa = PBXSourcesBuildPhase;
			buildActionMask = 2147483647;
			files = (
			);
			runOnlyForDeploymentPostprocessing = 0;
		};
		88FEFE992FEA3C2E009ACE07 /* Sources */ = {
			isa = PBXSourcesBuildPhase;
			buildActionMask = 2147483647;
			files = (
			);
			runOnlyForDeploymentPostprocessing = 0;
		};
		88FEFEA32FEA3C2E009ACE07 /* Sources */ = {
			isa = PBXSourcesBuildPhase;
			buildActionMask = 2147483647;
			files = (
			);
			runOnlyForDeploymentPostprocessing = 0;
		};
/* End PBXSourcesBuildPhase section */

/* Begin PBXTargetDependency section */
		88FEFE9F2FEA3C2E009ACE07 /* PBXTargetDependency */ = {
			isa = PBXTargetDependency;
			target = 88FEFE8D2FEA3C2D009ACE07 /* RestaurantCompass */;
			targetProxy = 88FEFE9E2FEA3C2E009ACE07 /* PBXContainerItemProxy */;
		};
		88FEFEA92FEA3C2E009ACE07 /* PBXTargetDependency */ = {
			isa = PBXTargetDependency;
			target = 88FEFE8D2FEA3C2D009ACE07 /* RestaurantCompass */;
			targetProxy = 88FEFEA82FEA3C2E009ACE07 /* PBXContainerItemProxy */;
		};
/* End PBXTargetDependency section */

/* Begin XCBuildConfiguration section */
		88FEFEAF2FEA3C2E009ACE07 /* Debug */ = {
			isa = XCBuildConfiguration;
			buildSettings = {
				ALWAYS_SEARCH_USER_PATHS = NO;
				ASSETCATALOG_COMPILER_GENERATE_SWIFT_ASSET_SYMBOL_EXTENSIONS = YES;
				CLANG_ANALYZER_NONNULL = YES;
				CLANG_ANALYZER_NUMBER_OBJECT_CONVERSION = YES_AGGRESSIVE;
				CLANG_CXX_LANGUAGE_STANDARD = "gnu++20";
				CLANG_ENABLE_MODULES = YES;
				CLANG_ENABLE_OBJC_ARC = YES;
				CLANG_ENABLE_OBJC_WEAK = YES;
				CLANG_WARN_BLOCK_CAPTURE_AUTORELEASING = YES;
				CLANG_WARN_BOOL_CONVERSION = YES;
				CLANG_WARN_COMMA = YES;
				CLANG_WARN_CONSTANT_CONVERSION = YES;
				CLANG_WARN_DEPRECATED_OBJC_IMPLEMENTATIONS = YES;
				CLANG_WARN_DIRECT_OBJC_ISA_USAGE = YES_ERROR;
				CLANG_WARN_DOCUMENTATION_COMMENTS = YES;
				CLANG_WARN_EMPTY_BODY = YES;
				CLANG_WARN_ENUM_CONVERSION = YES;
				CLANG_WARN_INFINITE_RECURSION = YES;
				CLANG_WARN_INT_CONVERSION = YES;
				CLANG_WARN_NON_LITERAL_NULL_CONVERSION = YES;
				CLANG_WARN_OBJC_IMPLICIT_RETAIN_SELF = YES;
				CLANG_WARN_OBJC_LITERAL_CONVERSION = YES;
				CLANG_WARN_OBJC_ROOT_CLASS = YES_ERROR;
				CLANG_WARN_QUOTED_INCLUDE_IN_FRAMEWORK_HEADER = YES;
				CLANG_WARN_RANGE_LOOP_ANALYSIS = YES;
				CLANG_WARN_STRICT_PROTOTYPES = YES;
				CLANG_WARN_SUSPICIOUS_MOVE = YES;
				CLANG_WARN_UNGUARDED_AVAILABILITY = YES_AGGRESSIVE;
				CLANG_WARN_UNREACHABLE_CODE = YES;
				CLANG_WARN__DUPLICATE_METHOD_MATCH = YES;
				COPY_PHASE_STRIP = NO;
				DEBUG_INFORMATION_FORMAT = dwarf;
				DEVELOPMENT_TEAM = 96N46HT93Z;
				ENABLE_STRICT_OBJC_MSGSEND = YES;
				ENABLE_TESTABILITY = YES;
				ENABLE_USER_SCRIPT_SANDBOXING = YES;
				GCC_C_LANGUAGE_STANDARD = gnu17;
				GCC_DYNAMIC_NO_PIC = NO;
				GCC_NO_COMMON_BLOCKS = YES;
				GCC_OPTIMIZATION_LEVEL = 0;
				GCC_PREPROCESSOR_DEFINITIONS = (
					"DEBUG=1",
					"$(inherited)",
				);
				GCC_WARN_64_TO_32_BIT_CONVERSION = YES;
				GCC_WARN_ABOUT_RETURN_TYPE = YES_ERROR;
				GCC_WARN_UNDECLARED_SELECTOR = YES;
				GCC_WARN_UNINITIALIZED_AUTOS = YES_AGGRESSIVE;
				GCC_WARN_UNUSED_FUNCTION = YES;
				GCC_WARN_UNUSED_VARIABLE = YES;
				IPHONEOS_DEPLOYMENT_TARGET = 26.1;
				LOCALIZATION_PREFERS_STRING_CATALOGS = YES;
				MTL_ENABLE_DEBUG_INFO = INCLUDE_SOURCE;
				MTL_FAST_MATH = YES;
				ONLY_ACTIVE_ARCH = YES;
				SDKROOT = iphoneos;
				SWIFT_ACTIVE_COMPILATION_CONDITIONS = "DEBUG $(inherited)";
				SWIFT_OPTIMIZATION_LEVEL = "-Onone";
			};
			name = Debug;
		};
		88FEFEB02FEA3C2E009ACE07 /* Release */ = {
			isa = XCBuildConfiguration;
			buildSettings = {
				ALWAYS_SEARCH_USER_PATHS = NO;
				ASSETCATALOG_COMPILER_GENERATE_SWIFT_ASSET_SYMBOL_EXTENSIONS = YES;
				CLANG_ANALYZER_NONNULL = YES;
				CLANG_ANALYZER_NUMBER_OBJECT_CONVERSION = YES_AGGRESSIVE;
				CLANG_CXX_LANGUAGE_STANDARD = "gnu++20";
				CLANG_ENABLE_MODULES = YES;
				CLANG_ENABLE_OBJC_ARC = YES;
				CLANG_ENABLE_OBJC_WEAK = YES;
				CLANG_WARN_BLOCK_CAPTURE_AUTORELEASING = YES;
				CLANG_WARN_BOOL_CONVERSION = YES;
				CLANG_WARN_COMMA = YES;
				CLANG_WARN_CONSTANT_CONVERSION = YES;
				CLANG_WARN_DEPRECATED_OBJC_IMPLEMENTATIONS = YES;
				CLANG_WARN_DIRECT_OBJC_ISA_USAGE = YES_ERROR;
				CLANG_WARN_DOCUMENTATION_COMMENTS = YES;
				CLANG_WARN_EMPTY_BODY = YES;
				CLANG_WARN_ENUM_CONVERSION = YES;
				CLANG_WARN_INFINITE_RECURSION = YES;
				CLANG_WARN_INT_CONVERSION = YES;
				CLANG_WARN_NON_LITERAL_NULL_CONVERSION = YES;
				CLANG_WARN_OBJC_IMPLICIT_RETAIN_SELF = YES;
				CLANG_WARN_OBJC_LITERAL_CONVERSION = YES;
				CLANG_WARN_OBJC_ROOT_CLASS = YES_ERROR;
				CLANG_WARN_QUOTED_INCLUDE_IN_FRAMEWORK_HEADER = YES;
				CLANG_WARN_RANGE_LOOP_ANALYSIS = YES;
				CLANG_WARN_STRICT_PROTOTYPES = YES;
				CLANG_WARN_SUSPICIOUS_MOVE = YES;
				CLANG_WARN_UNGUARDED_AVAILABILITY = YES_AGGRESSIVE;
				CLANG_WARN_UNREACHABLE_CODE = YES;
				CLANG_WARN__DUPLICATE_METHOD_MATCH = YES;
				COPY_PHASE_STRIP = NO;
				DEBUG_INFORMATION_FORMAT = "dwarf-with-dsym";
				DEVELOPMENT_TEAM = 96N46HT93Z;
				ENABLE_NS_ASSERTIONS = NO;
				ENABLE_STRICT_OBJC_MSGSEND = YES;
				ENABLE_USER_SCRIPT_SANDBOXING = YES;
				GCC_C_LANGUAGE_STANDARD = gnu17;
				GCC_NO_COMMON_BLOCKS = YES;
				GCC_WARN_64_TO_32_BIT_CONVERSION = YES;
				GCC_WARN_ABOUT_RETURN_TYPE = YES_ERROR;
				GCC_WARN_UNDECLARED_SELECTOR = YES;
				GCC_WARN_UNINITIALIZED_AUTOS = YES_AGGRESSIVE;
				GCC_WARN_UNUSED_FUNCTION = YES;
				GCC_WARN_UNUSED_VARIABLE = YES;
				IPHONEOS_DEPLOYMENT_TARGET = 26.1;
				LOCALIZATION_PREFERS_STRING_CATALOGS = YES;
				MTL_ENABLE_DEBUG_INFO = NO;
				MTL_FAST_MATH = YES;
				SDKROOT = iphoneos;
				SWIFT_COMPILATION_MODE = wholemodule;
				VALIDATE_PRODUCT = YES;
			};
			name = Release;
		};
		88FEFEB22FEA3C2E009ACE07 /* Debug */ = {
			isa = XCBuildConfiguration;
			buildSettings = {
				ASSETCATALOG_COMPILER_APPICON_NAME = AppIcon;
				ASSETCATALOG_COMPILER_GLOBAL_ACCENT_COLOR_NAME = AccentColor;
				CODE_SIGN_STYLE = Automatic;
				CURRENT_PROJECT_VERSION = 1;
				DEVELOPMENT_TEAM = 96N46HT93Z;
				ENABLE_PREVIEWS = YES;
				GENERATE_INFOPLIST_FILE = YES;
				INFOPLIST_KEY_NSLocationWhenInUseUsageDescription = "Allows you to find the restaurant using your phone's location";
				INFOPLIST_KEY_UIApplicationSceneManifest_Generation = YES;
				INFOPLIST_KEY_UIApplicationSupportsIndirectInputEvents = YES;
				INFOPLIST_KEY_UILaunchScreen_Generation = YES;
				INFOPLIST_KEY_UISupportedInterfaceOrientations_iPad = "UIInterfaceOrientationPortrait UIInterfaceOrientationPortraitUpsideDown UIInterfaceOrientationLandscapeLeft UIInterfaceOrientationLandscapeRight";
				INFOPLIST_KEY_UISupportedInterfaceOrientations_iPhone = "UIInterfaceOrientationPortrait UIInterfaceOrientationLandscapeLeft UIInterfaceOrientationLandscapeRight";
				LD_RUNPATH_SEARCH_PATHS = (
					"$(inherited)",
					"@executable_path/Frameworks",
				);
				MARKETING_VERSION = 1.0;
				PRODUCT_BUNDLE_IDENTIFIER = wanyekitech.RestaurantCompass;
				PRODUCT_NAME = "$(TARGET_NAME)";
				STRING_CATALOG_GENERATE_SYMBOLS = YES;
				SWIFT_APPROACHABLE_CONCURRENCY = YES;
				SWIFT_DEFAULT_ACTOR_ISOLATION = MainActor;
				SWIFT_EMIT_LOC_STRINGS = YES;
				SWIFT_UPCOMING_FEATURE_MEMBER_IMPORT_VISIBILITY = YES;
				SWIFT_VERSION = 5.0;
				TARGETED_DEVICE_FAMILY = "1,2";
			};
			name = Debug;
		};
		88FEFEB32FEA3C2E009ACE07 /* Release */ = {
			isa = XCBuildConfiguration;
			buildSettings = {
				ASSETCATALOG_COMPILER_APPICON_NAME = AppIcon;
				ASSETCATALOG_COMPILER_GLOBAL_ACCENT_COLOR_NAME = AccentColor;
				CODE_SIGN_STYLE = Automatic;
				CURRENT_PROJECT_VERSION = 1;
				DEVELOPMENT_TEAM = 96N46HT93Z;
				ENABLE_PREVIEWS = YES;
				GENERATE_INFOPLIST_FILE = YES;
				INFOPLIST_KEY_NSLocationWhenInUseUsageDescription = "Allows you to find the restaurant using your phone's location";
				INFOPLIST_KEY_UIApplicationSceneManifest_Generation = YES;
				INFOPLIST_KEY_UIApplicationSupportsIndirectInputEvents = YES;
				INFOPLIST_KEY_UILaunchScreen_Generation = YES;
				INFOPLIST_KEY_UISupportedInterfaceOrientations_iPad = "UIInterfaceOrientationPortrait UIInterfaceOrientationPortraitUpsideDown UIInterfaceOrientationLandscapeLeft UIInterfaceOrientationLandscapeRight";
				INFOPLIST_KEY_UISupportedInterfaceOrientations_iPhone = "UIInterfaceOrientationPortrait UIInterfaceOrientationLandscapeLeft UIInterfaceOrientationLandscapeRight";
				LD_RUNPATH_SEARCH_PATHS = (
					"$(inherited)",
					"@executable_path/Frameworks",
				);
				MARKETING_VERSION = 1.0;
				PRODUCT_BUNDLE_IDENTIFIER = wanyekitech.RestaurantCompass;
				PRODUCT_NAME = "$(TARGET_NAME)";
				STRING_CATALOG_GENERATE_SYMBOLS = YES;
				SWIFT_APPROACHABLE_CONCURRENCY = YES;
				SWIFT_DEFAULT_ACTOR_ISOLATION = MainActor;
				SWIFT_EMIT_LOC_STRINGS = YES;
				SWIFT_UPCOMING_FEATURE_MEMBER_IMPORT_VISIBILITY = YES;
				SWIFT_VERSION = 5.0;
				TARGETED_DEVICE_FAMILY = "1,2";
			};
			name = Release;
		};
		88FEFEB52FEA3C2E009ACE07 /* Debug */ = {
			isa = XCBuildConfiguration;
			buildSettings = {
				BUNDLE_LOADER = "$(TEST_HOST)";
				CODE_SIGN_STYLE = Automatic;
				CURRENT_PROJECT_VERSION = 1;
				DEVELOPMENT_TEAM = 96N46HT93Z;
				GENERATE_INFOPLIST_FILE = YES;
				IPHONEOS_DEPLOYMENT_TARGET = 26.1;
				MARKETING_VERSION = 1.0;
				PRODUCT_BUNDLE_IDENTIFIER = wanyekitech.RestaurantCompassTests;
				PRODUCT_NAME = "$(TARGET_NAME)";
				STRING_CATALOG_GENERATE_SYMBOLS = NO;
				SWIFT_APPROACHABLE_CONCURRENCY = YES;
				SWIFT_EMIT_LOC_STRINGS = NO;
				SWIFT_UPCOMING_FEATURE_MEMBER_IMPORT_VISIBILITY = YES;
				SWIFT_VERSION = 5.0;
				TARGETED_DEVICE_FAMILY = "1,2";
				TEST_HOST = "$(BUILT_PRODUCTS_DIR)/RestaurantCompass.app/$(BUNDLE_EXECUTABLE_FOLDER_PATH)/RestaurantCompass";
			};
			name = Debug;
		};
		88FEFEB62FEA3C2E009ACE07 /* Release */ = {
			isa = XCBuildConfiguration;
			buildSettings = {
				BUNDLE_LOADER = "$(TEST_HOST)";
				CODE_SIGN_STYLE = Automatic;
				CURRENT_PROJECT_VERSION = 1;
				DEVELOPMENT_TEAM = 96N46HT93Z;
				GENERATE_INFOPLIST_FILE = YES;
				IPHONEOS_DEPLOYMENT_TARGET = 26.1;
				MARKETING_VERSION = 1.0;
				PRODUCT_BUNDLE_IDENTIFIER = wanyekitech.RestaurantCompassTests;
				PRODUCT_NAME = "$(TARGET_NAME)";
				STRING_CATALOG_GENERATE_SYMBOLS = NO;
				SWIFT_APPROACHABLE_CONCURRENCY = YES;
				SWIFT_EMIT_LOC_STRINGS = NO;
				SWIFT_UPCOMING_FEATURE_MEMBER_IMPORT_VISIBILITY = YES;
				SWIFT_VERSION = 5.0;
				TARGETED_DEVICE_FAMILY = "1,2";
				TEST_HOST = "$(BUILT_PRODUCTS_DIR)/RestaurantCompass.app/$(BUNDLE_EXECUTABLE_FOLDER_PATH)/RestaurantCompass";
			};
			name = Release;
		};
		88FEFEB82FEA3C2E009ACE07 /* Debug */ = {
			isa = XCBuildConfiguration;
			buildSettings = {
				CODE_SIGN_STYLE = Automatic;
				CURRENT_PROJECT_VERSION = 1;
				DEVELOPMENT_TEAM = 96N46HT93Z;
				GENERATE_INFOPLIST_FILE = YES;
				MARKETING_VERSION = 1.0;
				PRODUCT_BUNDLE_IDENTIFIER = wanyekitech.RestaurantCompassUITests;
				PRODUCT_NAME = "$(TARGET_NAME)";
				STRING_CATALOG_GENERATE_SYMBOLS = NO;
				SWIFT_APPROACHABLE_CONCURRENCY = YES;
				SWIFT_EMIT_LOC_STRINGS = NO;
				SWIFT_UPCOMING_FEATURE_MEMBER_IMPORT_VISIBILITY = YES;
				SWIFT_VERSION = 5.0;
				TARGETED_DEVICE_FAMILY = "1,2";
				TEST_TARGET_NAME = RestaurantCompass;
			};
			name = Debug;
		};
		88FEFEB92FEA3C2E009ACE07 /* Release */ = {
			isa = XCBuildConfiguration;
			buildSettings = {
				CODE_SIGN_STYLE = Automatic;
				CURRENT_PROJECT_VERSION = 1;
				DEVELOPMENT_TEAM = 96N46HT93Z;
				GENERATE_INFOPLIST_FILE = YES;
				MARKETING_VERSION = 1.0;
				PRODUCT_BUNDLE_IDENTIFIER = wanyekitech.RestaurantCompassUITests;
				PRODUCT_NAME = "$(TARGET_NAME)";
				STRING_CATALOG_GENERATE_SYMBOLS = NO;
				SWIFT_APPROACHABLE_CONCURRENCY = YES;
				SWIFT_EMIT_LOC_STRINGS = NO;
				SWIFT_UPCOMING_FEATURE_MEMBER_IMPORT_VISIBILITY = YES;
				SWIFT_VERSION = 5.0;
				TARGETED_DEVICE_FAMILY = "1,2";
				TEST_TARGET_NAME = RestaurantCompass;
			};
			name = Release;
		};
/* End XCBuildConfiguration section */

/* Begin XCConfigurationList section */
		88FEFE892FEA3C2D009ACE07 /* Build configuration list for PBXProject "RestaurantCompass" */ = {
			isa = XCConfigurationList;
			buildConfigurations = (
				88FEFEAF2FEA3C2E009ACE07 /* Debug */,
				88FEFEB02FEA3C2E009ACE07 /* Release */,
			);
			defaultConfigurationIsVisible = 0;
			defaultConfigurationName = Release;
		};
		88FEFEB12FEA3C2E009ACE07 /* Build configuration list for PBXNativeTarget "RestaurantCompass" */ = {
			isa = XCConfigurationList;
			buildConfigurations = (
				88FEFEB22FEA3C2E009ACE07 /* Debug */,
				88FEFEB32FEA3C2E009ACE07 /* Release */,
			);
			defaultConfigurationIsVisible = 0;
			defaultConfigurationName = Release;
		};
		88FEFEB42FEA3C2E009ACE07 /* Build configuration list for PBXNativeTarget "RestaurantCompassTests" */ = {
			isa = XCConfigurationList;
			buildConfigurations = (
				88FEFEB52FEA3C2E009ACE07 /* Debug */,
				88FEFEB62FEA3C2E009ACE07 /* Release */,
			);
			defaultConfigurationIsVisible = 0;
			defaultConfigurationName = Release;
		};
		88FEFEB72FEA3C2E009ACE07 /* Build configuration list for PBXNativeTarget "RestaurantCompassUITests" */ = {
			isa = XCConfigurationList;
			buildConfigurations = (
				88FEFEB82FEA3C2E009ACE07 /* Debug */,
				88FEFEB92FEA3C2E009ACE07 /* Release */,
			);
			defaultConfigurationIsVisible = 0;
			defaultConfigurationName = Release;
		};
/* End XCConfigurationList section */

/* Begin XCRemoteSwiftPackageReference section */
		88FEFED82FEA3EED009ACE07 /* XCRemoteSwiftPackageReference "amplify-swift" */ = {
			isa = XCRemoteSwiftPackageReference;
			repositoryURL = "https://github.com/aws-amplify/amplify-swift";
			requirement = {
				kind = upToNextMajorVersion;
				minimumVersion = 2.58.3;
			};
		};
/* End XCRemoteSwiftPackageReference section */

/* Begin XCSwiftPackageProductDependency section */
		88FEFED92FEA3EED009ACE07 /* AWSAPIPlugin */ = {
			isa = XCSwiftPackageProductDependency;
			package = 88FEFED82FEA3EED009ACE07 /* XCRemoteSwiftPackageReference "amplify-swift" */;
			productName = AWSAPIPlugin;
		};
		88FEFEDB2FEA3EED009ACE07 /* AWSCognitoAuthPlugin */ = {
			isa = XCSwiftPackageProductDependency;
			package = 88FEFED82FEA3EED009ACE07 /* XCRemoteSwiftPackageReference "amplify-swift" */;
			productName = AWSCognitoAuthPlugin;
		};
		88FEFEDD2FEA3EED009ACE07 /* Amplify */ = {
			isa = XCSwiftPackageProductDependency;
			package = 88FEFED82FEA3EED009ACE07 /* XCRemoteSwiftPackageReference "amplify-swift" */;
			productName = Amplify;
		};
/* End XCSwiftPackageProductDependency section */
	};
	rootObject = 88FEFE862FEA3C2D009ACE07 /* Project object */;
}
